{
	"name": "@labs/space-shooter",
	"version": "1.0.0",
	"lockfileVersion": 3,
	"requires": true,
	"packages": {
		"": {
			"name": "@labs/space-shooter",
			"version": "1.0.0",
			"dependencies": {
				"@fortawesome/fontawesome-free": "^6.7.2",
				"gl-matrix": "^3.4.3"
			},
			"devDependencies": {
				"@parcel/transformer-raw": "^2.9.3",
				"@parcel/transformer-sass": "^2.9.3",
				"parcel": "^2.9.3"
			}
		},
		"../../node_modules/.pnpm/@parcel+transformer-raw@2.13.3_@parcel+core@2.13.3_@swc+helpers@0.5.15_/node_modules/@parcel/transformer-raw": {
			"version": "2.13.3",
			"dev": true,
			"license": "MIT",
			"dependencies": {
				"@parcel/plugin": "2.13.3"
			},
			"engines": {
				"node": ">= 16.0.0",
				"parcel": "^2.13.3"
			},
			"funding": {
				"type": "opencollective",
				"url": "https://opencollective.com/parcel"
			}
		},
		"../../node_modules/.pnpm/@parcel+transformer-sass@2.13.3_@parcel+core@2.13.3_@swc+helpers@0.5.15_/node_modules/@parcel/transformer-sass": {
			"version": "2.13.3",
			"dev": true,
			"license": "MIT",
			"dependencies": {
				"@parcel/plugin": "2.13.3",
				"@parcel/source-map": "^2.1.1",
				"sass": "^1.38.0"
			},
			"engines": {
				"node": ">= 16.0.0",
				"parcel": "^2.13.3"
			},
			"funding": {
				"type": "opencollective",
				"url": "https://opencollective.com/parcel"
			}
		},
		"../../node_modules/.pnpm/gl-matrix@3.4.3/node_modules/gl-matrix": {
			"version": "3.4.3",
			"license": "MIT"
		},
		"../../node_modules/.pnpm/parcel@2.13.3_@swc+helpers@0.5.15_postcss@8.5.1_typescript@5.7.3/node_modules/parcel": {
			"version": "2.13.3",
			"dev": true,
			"license": "MIT",
			"dependencies": {
				"@parcel/config-default": "2.13.3",
				"@parcel/core": "2.13.3",
				"@parcel/diagnostic": "2.13.3",
				"@parcel/events": "2.13.3",
				"@parcel/feature-flags": "2.13.3",
				"@parcel/fs": "2.13.3",
				"@parcel/logger": "2.13.3",
				"@parcel/package-manager": "2.13.3",
				"@parcel/reporter-cli": "2.13.3",
				"@parcel/reporter-dev-server": "2.13.3",
				"@parcel/reporter-tracer": "2.13.3",
				"@parcel/utils": "2.13.3",
				"chalk": "^4.1.2",
				"commander": "^12.1.0",
				"get-port": "^4.2.0"
			},
			"bin": {
				"parcel": "lib/bin.js"
			},
			"devDependencies": {
				"@babel/core": "^7.22.11",
				"@parcel/babel-register": "2.13.3"
			},
			"engines": {
				"node": ">= 16.0.0"
			},
			"funding": {
				"type": "opencollective",
				"url": "https://opencollective.com/parcel"
			}
		},
		"node_modules/@fortawesome/fontawesome-free": {
			"version": "6.7.2",
			"resolved": "https://registry.npmjs.org/@fortawesome/fontawesome-free/-/fontawesome-free-6.7.2.tgz",
			"integrity": "sha512-JUOtgFW6k9u4Y+xeIaEiLr3+cjoUPiAuLXoyKOJSia6Duzb7pq+A76P9ZdPDoAoxHdHzq6gE9/jKBGXlZT8FbA==",
			"license": "(CC-BY-4.0 AND OFL-1.1 AND MIT)",
			"engines": {
				"node": ">=6"
			}
		},
		"node_modules/@parcel/transformer-raw": {
			"resolved": "../../node_modules/.pnpm/@parcel+transformer-raw@2.13.3_@parcel+core@2.13.3_@swc+helpers@0.5.15_/node_modules/@parcel/transformer-raw",
			"link": true
		},
		"node_modules/@parcel/transformer-sass": {
			"resolved": "../../node_modules/.pnpm/@parcel+transformer-sass@2.13.3_@parcel+core@2.13.3_@swc+helpers@0.5.15_/node_modules/@parcel/transformer-sass",
			"link": true
		},
		"node_modules/gl-matrix": {
			"resolved": "../../node_modules/.pnpm/gl-matrix@3.4.3/node_modules/gl-matrix",
			"link": true
		},
		"node_modules/parcel": {
			"resolved": "../../node_modules/.pnpm/parcel@2.13.3_@swc+helpers@0.5.15_postcss@8.5.1_typescript@5.7.3/node_modules/parcel",
			"link": true
		}
	}
}
